
Microsoft Visual Studio Solution File, Format Version 12.00
# Visual Studio Version 16
VisualStudioVersion = 16.0.29215.179
MinimumVisualStudioVersion = 10.0.40219.1
Project("{00D1A9C2-B5F0-4AF3-8072-F6C62B433612}") = "DataIntegrador", "DataIntegrador.sqlproj", "{0F06DFF1-647F-488E-89A9-BD1F3714A98D}"
EndProject
Global
	GlobalSection(SolutionConfigurationPlatforms) = preSolution
		Debug|Any CPU = Debug|Any CPU
		Release|Any CPU = Release|Any CPU
	EndGlobalSection
	GlobalSection(ProjectConfigurationPlatforms) = postSolution
		{0F06DFF1-647F-488E-89A9-BD1F3714A98D}.Debug|Any CPU.ActiveCfg = Debug|Any CPU
		{0F06DFF1-647F-488E-89A9-BD1F3714A98D}.Debug|Any CPU.Build.0 = Debug|Any CPU
		{0F06DFF1-647F-488E-89A9-BD1F3714A98D}.Debug|Any CPU.Deploy.0 = Debug|Any CPU
		{0F06DFF1-647F-488E-89A9-BD1F3714A98D}.Release|Any CPU.ActiveCfg = Release|Any CPU
		{0F06DFF1-647F-488E-89A9-BD1F3714A98D}.Release|Any CPU.Build.0 = Release|Any CPU
		{0F06DFF1-647F-488E-89A9-BD1F3714A98D}.Release|Any CPU.Deploy.0 = Release|Any CPU
	EndGlobalSection
	GlobalSection(SolutionProperties) = preSolution
		HideSolutionNode = FALSE
	EndGlobalSection
	GlobalSection(ExtensibilityGlobals) = postSolution
		SolutionGuid = {3382D5C1-281E-4788-823E-6A3DBF02BC27}
	EndGlobalSection
EndGlobal
